
Microsoft Visual Studio Solution File, Format Version 12.00
# Visual Studio Version 16
VisualStudioVersion = 16.0.30804.86
MinimumVisualStudioVersion = 10.0.40219.1
Project("{FAE04EC0-301F-11D3-BF4B-00C04F79EFBC}") = "EmailTemplateBuilder.Api", "EmailTemplateBuilder.Api\EmailTemplateBuilder.Api.csproj", "{06B9F9D5-E211-4168-9722-A45976236234}"
EndProject
Global
	GlobalSection(SolutionConfigurationPlatforms) = preSolution
		Debug|Any CPU = Debug|Any CPU
		Release|Any CPU = Release|Any CPU
	EndGlobalSection
	GlobalSection(ProjectConfigurationPlatforms) = postSolution
		{06B9F9D5-E211-4168-9722-A45976236234}.Debug|Any CPU.ActiveCfg = Debug|Any CPU
		{06B9F9D5-E211-4168-9722-A45976236234}.Debug|Any CPU.Build.0 = Debug|Any CPU
		{06B9F9D5-E211-4168-9722-A45976236234}.Release|Any CPU.ActiveCfg = Release|Any CPU
		{06B9F9D5-E211-4168-9722-A45976236234}.Release|Any CPU.Build.0 = Release|Any CPU
	EndGlobalSection
	GlobalSection(SolutionProperties) = preSolution
		HideSolutionNode = FALSE
	EndGlobalSection
	GlobalSection(ExtensibilityGlobals) = postSolution
		SolutionGuid = {280D777A-ADBC-4B9E-B93E-92F5EE6C89D4}
	EndGlobalSection
EndGlobal
